
Microsoft Visual Studio Solution File, Format Version 12.00
# Visual Studio Version 16
VisualStudioVersion = 16.0.30002.166
MinimumVisualStudioVersion = 10.0.40219.1
Project("{8BC9CEB8-8B4A-11D0-8D11-00A0C91BC942}") = "程序检查ISBN", "程序检查ISBN.vcxproj", "{F680855C-067B-432A-9E4D-AC8041F60372}"
EndProject
Global
	GlobalSection(SolutionConfigurationPlatforms) = preSolution
		Debug|x64 = Debug|x64
		Debug|x86 = Debug|x86
		Release|x64 = Release|x64
		Release|x86 = Release|x86
	EndGlobalSection
	GlobalSection(ProjectConfigurationPlatforms) = postSolution
		{F680855C-067B-432A-9E4D-AC8041F60372}.Debug|x64.ActiveCfg = Debug|x64
		{F680855C-067B-432A-9E4D-AC8041F60372}.Debug|x64.Build.0 = Debug|x64
		{F680855C-067B-432A-9E4D-AC8041F60372}.Debug|x86.ActiveCfg = Debug|Win32
		{F680855C-067B-432A-9E4D-AC8041F60372}.Debug|x86.Build.0 = Debug|Win32
		{F680855C-067B-432A-9E4D-AC8041F60372}.Release|x64.ActiveCfg = Release|x64
		{F680855C-067B-432A-9E4D-AC8041F60372}.Release|x64.Build.0 = Release|x64
		{F680855C-067B-432A-9E4D-AC8041F60372}.Release|x86.ActiveCfg = Release|Win32
		{F680855C-067B-432A-9E4D-AC8041F60372}.Release|x86.Build.0 = Release|Win32
	EndGlobalSection
	GlobalSection(SolutionProperties) = preSolution
		HideSolutionNode = FALSE
	EndGlobalSection
	GlobalSection(ExtensibilityGlobals) = postSolution
		SolutionGuid = {CA51A64C-3D2A-43B0-ABB5-B5992D589A23}
	EndGlobalSection
EndGlobal
